
Microsoft Visual Studio Solution File, Format Version 12.00
# Visual Studio Version 17
VisualStudioVersion = 17.7.34031.279
MinimumVisualStudioVersion = 10.0.40219.1
Project("{FAE04EC0-301F-11D3-BF4B-00C04F79EFBC}") = "U4-W6-D1-5", "U4-W6-D1-5\U4-W6-D1-5.csproj", "{C952CE6F-63BB-4E71-9C98-0AFC9E683E1C}"
EndProject
Global
	GlobalSection(SolutionConfigurationPlatforms) = preSolution
		Debug|Any CPU = Debug|Any CPU
		Release|Any CPU = Release|Any CPU
	EndGlobalSection
	GlobalSection(ProjectConfigurationPlatforms) = postSolution
		{C952CE6F-63BB-4E71-9C98-0AFC9E683E1C}.Debug|Any CPU.ActiveCfg = Debug|Any CPU
		{C952CE6F-63BB-4E71-9C98-0AFC9E683E1C}.Debug|Any CPU.Build.0 = Debug|Any CPU
		{C952CE6F-63BB-4E71-9C98-0AFC9E683E1C}.Release|Any CPU.ActiveCfg = Release|Any CPU
		{C952CE6F-63BB-4E71-9C98-0AFC9E683E1C}.Release|Any CPU.Build.0 = Release|Any CPU
	EndGlobalSection
	GlobalSection(SolutionProperties) = preSolution
		HideSolutionNode = FALSE
	EndGlobalSection
	GlobalSection(ExtensibilityGlobals) = postSolution
		SolutionGuid = {00F0B1D2-DC79-4904-9939-E5D15E07FBF9}
	EndGlobalSection
EndGlobal
